
Microsoft Visual Studio Solution File, Format Version 12.00
# Visual Studio Version 16
VisualStudioVersion = 16.0.30517.126
MinimumVisualStudioVersion = 10.0.40219.1
Project("{9A19103F-16F7-4668-BE54-9A1E7A4F7556}") = "PromotionEvaulationApp", "PromotionEvaulationApp\PromotionEvaulationApp.csproj", "{91E0BC51-AB49-47EE-B256-EF814410E4F2}"
EndProject
Project("{FAE04EC0-301F-11D3-BF4B-00C04F79EFBC}") = "PromotionEvaulationApp.NUnitTest", "PromotionEvaulationApp.NUnitTest\PromotionEvaulationApp.NUnitTest.csproj", "{F45474CE-6150-4C3B-84F7-E4133FA06CB3}"
EndProject
Global
	GlobalSection(SolutionConfigurationPlatforms) = preSolution
		Debug|Any CPU = Debug|Any CPU
		Release|Any CPU = Release|Any CPU
	EndGlobalSection
	GlobalSection(ProjectConfigurationPlatforms) = postSolution
		{91E0BC51-AB49-47EE-B256-EF814410E4F2}.Debug|Any CPU.ActiveCfg = Debug|Any CPU
		{91E0BC51-AB49-47EE-B256-EF814410E4F2}.Debug|Any CPU.Build.0 = Debug|Any CPU
		{91E0BC51-AB49-47EE-B256-EF814410E4F2}.Release|Any CPU.ActiveCfg = Release|Any CPU
		{91E0BC51-AB49-47EE-B256-EF814410E4F2}.Release|Any CPU.Build.0 = Release|Any CPU
		{F45474CE-6150-4C3B-84F7-E4133FA06CB3}.Debug|Any CPU.ActiveCfg = Debug|Any CPU
		{F45474CE-6150-4C3B-84F7-E4133FA06CB3}.Debug|Any CPU.Build.0 = Debug|Any CPU
		{F45474CE-6150-4C3B-84F7-E4133FA06CB3}.Release|Any CPU.ActiveCfg = Release|Any CPU
		{F45474CE-6150-4C3B-84F7-E4133FA06CB3}.Release|Any CPU.Build.0 = Release|Any CPU
	EndGlobalSection
	GlobalSection(SolutionProperties) = preSolution
		HideSolutionNode = FALSE
	EndGlobalSection
	GlobalSection(ExtensibilityGlobals) = postSolution
		SolutionGuid = {B2C3DA52-F5D6-477D-B533-F66958F45ACF}
	EndGlobalSection
EndGlobal
